// !$*UTF8*$!
{
	archiveVersion = 1;
	classes = {
	};
	objectVersion = 56;
	objects = {

/* Begin PBXBuildFile section */
		0715C20E2B66741E005BA206 /* UIViewController+ActivityIndicator.swift in Sources */ = {isa = PBXBuildFile; fileRef = 0715C20D2B66741E005BA206 /* UIViewController+ActivityIndicator.swift */; };
		0715C2102B667B01005BA206 /* GFEmptyStateView.swift in Sources */ = {isa = PBXBuildFile; fileRef = 0715C20F2B667B01005BA206 /* GFEmptyStateView.swift */; };
		0715C2122B667D71005BA206 /* UIViewController+EmptyState.swift in Sources */ = {isa = PBXBuildFile; fileRef = 0715C2112B667D71005BA206 /* UIViewController+EmptyState.swift */; };
		077898CD2B6550F5004BB732 /* AppDelegate.swift in Sources */ = {isa = PBXBuildFile; fileRef = 077898CC2B6550F5004BB732 /* AppDelegate.swift */; };
		077898CF2B6550F5004BB732 /* SceneDelegate.swift in Sources */ = {isa = PBXBuildFile; fileRef = 077898CE2B6550F5004BB732 /* SceneDelegate.swift */; };
		077898D12B6550F5004BB732 /* SearchVC.swift in Sources */ = {isa = PBXBuildFile; fileRef = 077898D02B6550F5004BB732 /* SearchVC.swift */; };
		077898D62B6550FE004BB732 /* Assets.xcassets in Resources */ = {isa = PBXBuildFile; fileRef = 077898D52B6550FE004BB732 /* Assets.xcassets */; };
		077898D92B6550FE004BB732 /* LaunchScreen.storyboard in Resources */ = {isa = PBXBuildFile; fileRef = 077898D72B6550FE004BB732 /* LaunchScreen.storyboard */; };
		077898E12B6562E3004BB732 /* FavoritesListVC.swift in Sources */ = {isa = PBXBuildFile; fileRef = 077898E02B6562E3004BB732 /* FavoritesListVC.swift */; };
		077898E32B657B11004BB732 /* GFButton.swift in Sources */ = {isa = PBXBuildFile; fileRef = 077898E22B657B11004BB732 /* GFButton.swift */; };
		077898E52B659360004BB732 /* GFTextField.swift in Sources */ = {isa = PBXBuildFile; fileRef = 077898E42B659360004BB732 /* GFTextField.swift */; };
		077898EB2B6596B3004BB732 /* SearchVCUIConfig.swift in Sources */ = {isa = PBXBuildFile; fileRef = 077898EA2B6596B3004BB732 /* SearchVCUIConfig.swift */; };
		077898EF2B65A6A6004BB732 /* FollowersListVC.swift in Sources */ = {isa = PBXBuildFile; fileRef = 077898EE2B65A6A6004BB732 /* FollowersListVC.swift */; };
		077898F12B65AF3E004BB732 /* GFTitleLabel.swift in Sources */ = {isa = PBXBuildFile; fileRef = 077898F02B65AF3E004BB732 /* GFTitleLabel.swift */; };
		077898F32B65B105004BB732 /* GFBodyLabel.swift in Sources */ = {isa = PBXBuildFile; fileRef = 077898F22B65B105004BB732 /* GFBodyLabel.swift */; };
		077898F62B65B286004BB732 /* GFAlertVC.swift in Sources */ = {isa = PBXBuildFile; fileRef = 077898F52B65B286004BB732 /* GFAlertVC.swift */; };
		077898F82B65B2B1004BB732 /* GFAlertVCUIConfig.swift in Sources */ = {isa = PBXBuildFile; fileRef = 077898F72B65B2B1004BB732 /* GFAlertVCUIConfig.swift */; };
		077898FB2B65CBF4004BB732 /* UIViewController+Show.swift in Sources */ = {isa = PBXBuildFile; fileRef = 077898FA2B65CBF4004BB732 /* UIViewController+Show.swift */; };
		077899022B65D39E004BB732 /* Follower.swift in Sources */ = {isa = PBXBuildFile; fileRef = 077899012B65D39E004BB732 /* Follower.swift */; };
		077899042B65D454004BB732 /* User.swift in Sources */ = {isa = PBXBuildFile; fileRef = 077899032B65D454004BB732 /* User.swift */; };
		077899072B65DAD0004BB732 /* NetworkManager.swift in Sources */ = {isa = PBXBuildFile; fileRef = 077899062B65DAD0004BB732 /* NetworkManager.swift */; };
		0778990A2B65EC67004BB732 /* FollowerCell.swift in Sources */ = {isa = PBXBuildFile; fileRef = 077899092B65EC67004BB732 /* FollowerCell.swift */; };
		0778990D2B65FAAB004BB732 /* GFAvatarImageView.swift in Sources */ = {isa = PBXBuildFile; fileRef = 0778990C2B65FAAB004BB732 /* GFAvatarImageView.swift */; };
		0778990F2B65FE44004BB732 /* FollowersListVCUIConfig.swift in Sources */ = {isa = PBXBuildFile; fileRef = 0778990E2B65FE44004BB732 /* FollowersListVCUIConfig.swift */; };
/* End PBXBuildFile section */

/* Begin PBXFileReference section */
		0715C20D2B66741E005BA206 /* UIViewController+ActivityIndicator.swift */ = {isa = PBXFileReference; lastKnownFileType = sourcecode.swift; path = "UIViewController+ActivityIndicator.swift"; sourceTree = "<group>"; };
		0715C20F2B667B01005BA206 /* GFEmptyStateView.swift */ = {isa = PBXFileReference; lastKnownFileType = sourcecode.swift; path = GFEmptyStateView.swift; sourceTree = "<group>"; };
		0715C2112B667D71005BA206 /* UIViewController+EmptyState.swift */ = {isa = PBXFileReference; lastKnownFileType = sourcecode.swift; path = "UIViewController+EmptyState.swift"; sourceTree = "<group>"; };
		077898C92B6550F5004BB732 /* Github Followers.app */ = {isa = PBXFileReference; explicitFileType = wrapper.application; includeInIndex = 0; path = "Github Followers.app"; sourceTree = BUILT_PRODUCTS_DIR; };
		077898CC2B6550F5004BB732 /* AppDelegate.swift */ = {isa = PBXFileReference; lastKnownFileType = sourcecode.swift; path = AppDelegate.swift; sourceTree = "<group>"; };
		077898CE2B6550F5004BB732 /* SceneDelegate.swift */ = {isa = PBXFileReference; lastKnownFileType = sourcecode.swift; path = SceneDelegate.swift; sourceTree = "<group>"; };
		077898D02B6550F5004BB732 /* SearchVC.swift */ = {isa = PBXFileReference; lastKnownFileType = sourcecode.swift; path = SearchVC.swift; sourceTree = "<group>"; };
		077898D52B6550FE004BB732 /* Assets.xcassets */ = {isa = PBXFileReference; lastKnownFileType = folder.assetcatalog; path = Assets.xcassets; sourceTree = "<group>"; };
		077898D82B6550FE004BB732 /* Base */ = {isa = PBXFileReference; lastKnownFileType = file.storyboard; name = Base; path = Base.lproj/LaunchScreen.storyboard; sourceTree = "<group>"; };
		077898DA2B6550FE004BB732 /* Info.plist */ = {isa = PBXFileReference; lastKnownFileType = text.plist.xml; path = Info.plist; sourceTree = "<group>"; };
		077898E02B6562E3004BB732 /* FavoritesListVC.swift */ = {isa = PBXFileReference; lastKnownFileType = sourcecode.swift; path = FavoritesListVC.swift; sourceTree = "<group>"; };
		077898E22B657B11004BB732 /* GFButton.swift */ = {isa = PBXFileReference; lastKnownFileType = sourcecode.swift; path = GFButton.swift; sourceTree = "<group>"; };
		077898E42B659360004BB732 /* GFTextField.swift */ = {isa = PBXFileReference; lastKnownFileType = sourcecode.swift; path = GFTextField.swift; sourceTree = "<group>"; };
		077898EA2B6596B3004BB732 /* SearchVCUIConfig.swift */ = {isa = PBXFileReference; lastKnownFileType = sourcecode.swift; path = SearchVCUIConfig.swift; sourceTree = "<group>"; };
		077898EE2B65A6A6004BB732 /* FollowersListVC.swift */ = {isa = PBXFileReference; lastKnownFileType = sourcecode.swift; path = FollowersListVC.swift; sourceTree = "<group>"; };
		077898F02B65AF3E004BB732 /* GFTitleLabel.swift */ = {isa = PBXFileReference; lastKnownFileType = sourcecode.swift; path = GFTitleLabel.swift; sourceTree = "<group>"; };
		077898F22B65B105004BB732 /* GFBodyLabel.swift */ = {isa = PBXFileReference; lastKnownFileType = sourcecode.swift; path = GFBodyLabel.swift; sourceTree = "<group>"; };
		077898F52B65B286004BB732 /* GFAlertVC.swift */ = {isa = PBXFileReference; lastKnownFileType = sourcecode.swift; path = GFAlertVC.swift; sourceTree = "<group>"; };
		077898F72B65B2B1004BB732 /* GFAlertVCUIConfig.swift */ = {isa = PBXFileReference; lastKnownFileType = sourcecode.swift; path = GFAlertVCUIConfig.swift; sourceTree = "<group>"; };
		077898FA2B65CBF4004BB732 /* UIViewController+Show.swift */ = {isa = PBXFileReference; lastKnownFileType = sourcecode.swift; path = "UIViewController+Show.swift"; sourceTree = "<group>"; };
		077899012B65D39E004BB732 /* Follower.swift */ = {isa = PBXFileReference; lastKnownFileType = sourcecode.swift; path = Follower.swift; sourceTree = "<group>"; };
		077899032B65D454004BB732 /* User.swift */ = {isa = PBXFileReference; lastKnownFileType = sourcecode.swift; path = User.swift; sourceTree = "<group>"; };
		077899062B65DAD0004BB732 /* NetworkManager.swift */ = {isa = PBXFileReference; lastKnownFileType = sourcecode.swift; path = NetworkManager.swift; sourceTree = "<group>"; };
		077899092B65EC67004BB732 /* FollowerCell.swift */ = {isa = PBXFileReference; lastKnownFileType = sourcecode.swift; path = FollowerCell.swift; sourceTree = "<group>"; };
		0778990C2B65FAAB004BB732 /* GFAvatarImageView.swift */ = {isa = PBXFileReference; lastKnownFileType = sourcecode.swift; path = GFAvatarImageView.swift; sourceTree = "<group>"; };
		0778990E2B65FE44004BB732 /* FollowersListVCUIConfig.swift */ = {isa = PBXFileReference; lastKnownFileType = sourcecode.swift; path = FollowersListVCUIConfig.swift; sourceTree = "<group>"; };
/* End PBXFileReference section */

/* Begin PBXFrameworksBuildPhase section */
		077898C62B6550F5004BB732 /* Frameworks */ = {
			isa = PBXFrameworksBuildPhase;
			buildActionMask = 2147483647;
			files = (
			);
			runOnlyForDeploymentPostprocessing = 0;
		};
/* End PBXFrameworksBuildPhase section */

/* Begin PBXGroup section */
		077898C02B6550F4004BB732 = {
			isa = PBXGroup;
			children = (
				077898CB2B6550F5004BB732 /* Github Followers */,
				077898CA2B6550F5004BB732 /* Products */,
			);
			sourceTree = "<group>";
		};
		077898CA2B6550F5004BB732 /* Products */ = {
			isa = PBXGroup;
			children = (
				077898C92B6550F5004BB732 /* Github Followers.app */,
			);
			name = Products;
			sourceTree = "<group>";
		};
		077898CB2B6550F5004BB732 /* Github Followers */ = {
			isa = PBXGroup;
			children = (
				077898E72B659373004BB732 /* App */,
				077898F92B65CBD7004BB732 /* Utils */,
				077899002B65D38E004BB732 /* Model */,
				077899052B65DAB8004BB732 /* Service */,
				077898E62B659365004BB732 /* UIComponents */,
				077898E82B65937E004BB732 /* ViewControllers */,
				077898DA2B6550FE004BB732 /* Info.plist */,
			);
			path = "Github Followers";
			sourceTree = "<group>";
		};
		077898E62B659365004BB732 /* UIComponents */ = {
			isa = PBXGroup;
			children = (
				077899082B65EC4F004BB732 /* Cell */,
				077898FF2B65CFB8004BB732 /* TextField */,
				077898FE2B65CFB0004BB732 /* Button */,
				077898FD2B65CF60004BB732 /* Label */,
				0778990B2B65FA9A004BB732 /* View */,
			);
			path = UIComponents;
			sourceTree = "<group>";
		};
		077898E72B659373004BB732 /* App */ = {
			isa = PBXGroup;
			children = (
				077898CC2B6550F5004BB732 /* AppDelegate.swift */,
				077898CE2B6550F5004BB732 /* SceneDelegate.swift */,
				077898D52B6550FE004BB732 /* Assets.xcassets */,
				077898D72B6550FE004BB732 /* LaunchScreen.storyboard */,
			);
			path = App;
			sourceTree = "<group>";
		};
		077898E82B65937E004BB732 /* ViewControllers */ = {
			isa = PBXGroup;
			children = (
				077898F42B65B277004BB732 /* GFAlert */,
				077898E92B659697004BB732 /* Search */,
				077898ED2B65A685004BB732 /* FollowersList */,
				077898EC2B65A666004BB732 /* FavoritesList */,
			);
			path = ViewControllers;
			sourceTree = "<group>";
		};
		077898E92B659697004BB732 /* Search */ = {
			isa = PBXGroup;
			children = (
				077898D02B6550F5004BB732 /* SearchVC.swift */,
				077898EA2B6596B3004BB732 /* SearchVCUIConfig.swift */,
			);
			path = Search;
			sourceTree = "<group>";
		};
		077898EC2B65A666004BB732 /* FavoritesList */ = {
			isa = PBXGroup;
			children = (
				077898E02B6562E3004BB732 /* FavoritesListVC.swift */,
			);
			path = FavoritesList;
			sourceTree = "<group>";
		};
		077898ED2B65A685004BB732 /* FollowersList */ = {
			isa = PBXGroup;
			children = (
				077898EE2B65A6A6004BB732 /* FollowersListVC.swift */,
				0778990E2B65FE44004BB732 /* FollowersListVCUIConfig.swift */,
			);
			path = FollowersList;
			sourceTree = "<group>";
		};
		077898F42B65B277004BB732 /* GFAlert */ = {
			isa = PBXGroup;
			children = (
				077898F52B65B286004BB732 /* GFAlertVC.swift */,
				077898F72B65B2B1004BB732 /* GFAlertVCUIConfig.swift */,
			);
			path = GFAlert;
			sourceTree = "<group>";
		};
		077898F92B65CBD7004BB732 /* Utils */ = {
			isa = PBXGroup;
			children = (
				077898FC2B65CBF8004BB732 /* Extensions */,
			);
			path = Utils;
			sourceTree = "<group>";
		};
		077898FC2B65CBF8004BB732 /* Extensions */ = {
			isa = PBXGroup;
			children = (
				077898FA2B65CBF4004BB732 /* UIViewController+Show.swift */,
				0715C20D2B66741E005BA206 /* UIViewController+ActivityIndicator.swift */,
				0715C2112B667D71005BA206 /* UIViewController+EmptyState.swift */,
			);
			path = Extensions;
			sourceTree = "<group>";
		};
		077898FD2B65CF60004BB732 /* Label */ = {
			isa = PBXGroup;
			children = (
				077898F02B65AF3E004BB732 /* GFTitleLabel.swift */,
				077898F22B65B105004BB732 /* GFBodyLabel.swift */,
			);
			path = Label;
			sourceTree = "<group>";
		};
		077898FE2B65CFB0004BB732 /* Button */ = {
			isa = PBXGroup;
			children = (
				077898E22B657B11004BB732 /* GFButton.swift */,
			);
			path = Button;
			sourceTree = "<group>";
		};
		077898FF2B65CFB8004BB732 /* TextField */ = {
			isa = PBXGroup;
			children = (
				077898E42B659360004BB732 /* GFTextField.swift */,
			);
			path = TextField;
			sourceTree = "<group>";
		};
		077899002B65D38E004BB732 /* Model */ = {
			isa = PBXGroup;
			children = (
				077899012B65D39E004BB732 /* Follower.swift */,
				077899032B65D454004BB732 /* User.swift */,
			);
			path = Model;
			sourceTree = "<group>";
		};
		077899052B65DAB8004BB732 /* Service */ = {
			isa = PBXGroup;
			children = (
				077899062B65DAD0004BB732 /* NetworkManager.swift */,
			);
			path = Service;
			sourceTree = "<group>";
		};
		077899082B65EC4F004BB732 /* Cell */ = {
			isa = PBXGroup;
			children = (
				077899092B65EC67004BB732 /* FollowerCell.swift */,
			);
			path = Cell;
			sourceTree = "<group>";
		};
		0778990B2B65FA9A004BB732 /* View */ = {
			isa = PBXGroup;
			children = (
				0778990C2B65FAAB004BB732 /* GFAvatarImageView.swift */,
				0715C20F2B667B01005BA206 /* GFEmptyStateView.swift */,
			);
			path = View;
			sourceTree = "<group>";
		};
/* End PBXGroup section */

/* Begin PBXNativeTarget section */
		077898C82B6550F5004BB732 /* Github Followers */ = {
			isa = PBXNativeTarget;
			buildConfigurationList = 077898DD2B6550FE004BB732 /* Build configuration list for PBXNativeTarget "Github Followers" */;
			buildPhases = (
				077898C52B6550F5004BB732 /* Sources */,
				077898C62B6550F5004BB732 /* Frameworks */,
				077898C72B6550F5004BB732 /* Resources */,
			);
			buildRules = (
			);
			dependencies = (
			);
			name = "Github Followers";
			productName = "Github Followers";
			productReference = 077898C92B6550F5004BB732 /* Github Followers.app */;
			productType = "com.apple.product-type.application";
		};
/* End PBXNativeTarget section */

/* Begin PBXProject section */
		077898C12B6550F4004BB732 /* Project object */ = {
			isa = PBXProject;
			attributes = {
				BuildIndependentTargetsInParallel = 1;
				LastSwiftUpdateCheck = 1520;
				LastUpgradeCheck = 1520;
				TargetAttributes = {
					077898C82B6550F5004BB732 = {
						CreatedOnToolsVersion = 15.2;
					};
				};
			};
			buildConfigurationList = 077898C42B6550F5004BB732 /* Build configuration list for PBXProject "Github Followers" */;
			compatibilityVersion = "Xcode 14.0";
			developmentRegion = en;
			hasScannedForEncodings = 0;
			knownRegions = (
				en,
				Base,
			);
			mainGroup = 077898C02B6550F4004BB732;
			productRefGroup = 077898CA2B6550F5004BB732 /* Products */;
			projectDirPath = "";
			projectRoot = "";
			targets = (
				077898C82B6550F5004BB732 /* Github Followers */,
			);
		};
/* End PBXProject section */

/* Begin PBXResourcesBuildPhase section */
		077898C72B6550F5004BB732 /* Resources */ = {
			isa = PBXResourcesBuildPhase;
			buildActionMask = 2147483647;
			files = (
				077898D92B6550FE004BB732 /* LaunchScreen.storyboard in Resources */,
				077898D62B6550FE004BB732 /* Assets.xcassets in Resources */,
			);
			runOnlyForDeploymentPostprocessing = 0;
		};
/* End PBXResourcesBuildPhase section */

/* Begin PBXSourcesBuildPhase section */
		077898C52B6550F5004BB732 /* Sources */ = {
			isa = PBXSourcesBuildPhase;
			buildActionMask = 2147483647;
			files = (
				077898EB2B6596B3004BB732 /* SearchVCUIConfig.swift in Sources */,
				077899022B65D39E004BB732 /* Follower.swift in Sources */,
				077898E52B659360004BB732 /* GFTextField.swift in Sources */,
				077898EF2B65A6A6004BB732 /* FollowersListVC.swift in Sources */,
				077899072B65DAD0004BB732 /* NetworkManager.swift in Sources */,
				0715C20E2B66741E005BA206 /* UIViewController+ActivityIndicator.swift in Sources */,
				077898D12B6550F5004BB732 /* SearchVC.swift in Sources */,
				077898E32B657B11004BB732 /* GFButton.swift in Sources */,
				0778990A2B65EC67004BB732 /* FollowerCell.swift in Sources */,
				0778990F2B65FE44004BB732 /* FollowersListVCUIConfig.swift in Sources */,
				0715C2122B667D71005BA206 /* UIViewController+EmptyState.swift in Sources */,
				0778990D2B65FAAB004BB732 /* GFAvatarImageView.swift in Sources */,
				077898F62B65B286004BB732 /* GFAlertVC.swift in Sources */,
				077898E12B6562E3004BB732 /* FavoritesListVC.swift in Sources */,
				077899042B65D454004BB732 /* User.swift in Sources */,
				077898F12B65AF3E004BB732 /* GFTitleLabel.swift in Sources */,
				0715C2102B667B01005BA206 /* GFEmptyStateView.swift in Sources */,
				077898F82B65B2B1004BB732 /* GFAlertVCUIConfig.swift in Sources */,
				077898CD2B6550F5004BB732 /* AppDelegate.swift in Sources */,
				077898CF2B6550F5004BB732 /* SceneDelegate.swift in Sources */,
				077898FB2B65CBF4004BB732 /* UIViewController+Show.swift in Sources */,
				077898F32B65B105004BB732 /* GFBodyLabel.swift in Sources */,
			);
			runOnlyForDeploymentPostprocessing = 0;
		};
/* End PBXSourcesBuildPhase section */

/* Begin PBXVariantGroup section */
		077898D72B6550FE004BB732 /* LaunchScreen.storyboard */ = {
			isa = PBXVariantGroup;
			children = (
				077898D82B6550FE004BB732 /* Base */,
			);
			name = LaunchScreen.storyboard;
			sourceTree = "<group>";
		};
/* End PBXVariantGroup section */

/* Begin XCBuildConfiguration section */
		077898DB2B6550FE004BB732 /* Debug */ = {
			isa = XCBuildConfiguration;
			buildSettings = {
				ALWAYS_SEARCH_USER_PATHS = NO;
				ASSETCATALOG_COMPILER_GENERATE_SWIFT_ASSET_SYMBOL_EXTENSIONS = YES;
				CLANG_ANALYZER_NONNULL = YES;
				CLANG_ANALYZER_NUMBER_OBJECT_CONVERSION = YES_AGGRESSIVE;
				CLANG_CXX_LANGUAGE_STANDARD = "gnu++20";
				CLANG_ENABLE_MODULES = YES;
				CLANG_ENABLE_OBJC_ARC = YES;
				CLANG_ENABLE_OBJC_WEAK = YES;
				CLANG_WARN_BLOCK_CAPTURE_AUTORELEASING = YES;
				CLANG_WARN_BOOL_CONVERSION = YES;
				CLANG_WARN_COMMA = YES;
				CLANG_WARN_CONSTANT_CONVERSION = YES;
				CLANG_WARN_DEPRECATED_OBJC_IMPLEMENTATIONS = YES;
				CLANG_WARN_DIRECT_OBJC_ISA_USAGE = YES_ERROR;
				CLANG_WARN_DOCUMENTATION_COMMENTS = YES;
				CLANG_WARN_EMPTY_BODY = YES;
				CLANG_WARN_ENUM_CONVERSION = YES;
				CLANG_WARN_INFINITE_RECURSION = YES;
				CLANG_WARN_INT_CONVERSION = YES;
				CLANG_WARN_NON_LITERAL_NULL_CONVERSION = YES;
				CLANG_WARN_OBJC_IMPLICIT_RETAIN_SELF = YES;
				CLANG_WARN_OBJC_LITERAL_CONVERSION = YES;
				CLANG_WARN_OBJC_ROOT_CLASS = YES_ERROR;
				CLANG_WARN_QUOTED_INCLUDE_IN_FRAMEWORK_HEADER = YES;
				CLANG_WARN_RANGE_LOOP_ANALYSIS = YES;
				CLANG_WARN_STRICT_PROTOTYPES = YES;
				CLANG_WARN_SUSPICIOUS_MOVE = YES;
				CLANG_WARN_UNGUARDED_AVAILABILITY = YES_AGGRESSIVE;
				CLANG_WARN_UNREACHABLE_CODE = YES;
				CLANG_WARN__DUPLICATE_METHOD_MATCH = YES;
				COPY_PHASE_STRIP = NO;
				DEBUG_INFORMATION_FORMAT = dwarf;
				ENABLE_STRICT_OBJC_MSGSEND = YES;
				ENABLE_TESTABILITY = YES;
				ENABLE_USER_SCRIPT_SANDBOXING = YES;
				GCC_C_LANGUAGE_STANDARD = gnu17;
				GCC_DYNAMIC_NO_PIC = NO;
				GCC_NO_COMMON_BLOCKS = YES;
				GCC_OPTIMIZATION_LEVEL = 0;
				GCC_PREPROCESSOR_DEFINITIONS = (
					"DEBUG=1",
					"$(inherited)",
				);
				GCC_WARN_64_TO_32_BIT_CONVERSION = YES;
				GCC_WARN_ABOUT_RETURN_TYPE = YES_ERROR;
				GCC_WARN_UNDECLARED_SELECTOR = YES;
				GCC_WARN_UNINITIALIZED_AUTOS = YES_AGGRESSIVE;
				GCC_WARN_UNUSED_FUNCTION = YES;
				GCC_WARN_UNUSED_VARIABLE = YES;
				IPHONEOS_DEPLOYMENT_TARGET = 17.2;
				LOCALIZATION_PREFERS_STRING_CATALOGS = YES;
				MTL_ENABLE_DEBUG_INFO = INCLUDE_SOURCE;
				MTL_FAST_MATH = YES;
				ONLY_ACTIVE_ARCH = YES;
				SDKROOT = iphoneos;
				SWIFT_ACTIVE_COMPILATION_CONDITIONS = "DEBUG $(inherited)";
				SWIFT_OPTIMIZATION_LEVEL = "-Onone";
			};
			name = Debug;
		};
		077898DC2B6550FE004BB732 /* Release */ = {
			isa = XCBuildConfiguration;
			buildSettings = {
				ALWAYS_SEARCH_USER_PATHS = NO;
				ASSETCATALOG_COMPILER_GENERATE_SWIFT_ASSET_SYMBOL_EXTENSIONS = YES;
				CLANG_ANALYZER_NONNULL = YES;
				CLANG_ANALYZER_NUMBER_OBJECT_CONVERSION = YES_AGGRESSIVE;
				CLANG_CXX_LANGUAGE_STANDARD = "gnu++20";
				CLANG_ENABLE_MODULES = YES;
				CLANG_ENABLE_OBJC_ARC = YES;
				CLANG_ENABLE_OBJC_WEAK = YES;
				CLANG_WARN_BLOCK_CAPTURE_AUTORELEASING = YES;
				CLANG_WARN_BOOL_CONVERSION = YES;
				CLANG_WARN_COMMA = YES;
				CLANG_WARN_CONSTANT_CONVERSION = YES;
				CLANG_WARN_DEPRECATED_OBJC_IMPLEMENTATIONS = YES;
				CLANG_WARN_DIRECT_OBJC_ISA_USAGE = YES_ERROR;
				CLANG_WARN_DOCUMENTATION_COMMENTS = YES;
				CLANG_WARN_EMPTY_BODY = YES;
				CLANG_WARN_ENUM_CONVERSION = YES;
				CLANG_WARN_INFINITE_RECURSION = YES;
				CLANG_WARN_INT_CONVERSION = YES;
				CLANG_WARN_NON_LITERAL_NULL_CONVERSION = YES;
				CLANG_WARN_OBJC_IMPLICIT_RETAIN_SELF = YES;
				CLANG_WARN_OBJC_LITERAL_CONVERSION = YES;
				CLANG_WARN_OBJC_ROOT_CLASS = YES_ERROR;
				CLANG_WARN_QUOTED_INCLUDE_IN_FRAMEWORK_HEADER = YES;
				CLANG_WARN_RANGE_LOOP_ANALYSIS = YES;
				CLANG_WARN_STRICT_PROTOTYPES = YES;
				CLANG_WARN_SUSPICIOUS_MOVE = YES;
				CLANG_WARN_UNGUARDED_AVAILABILITY = YES_AGGRESSIVE;
				CLANG_WARN_UNREACHABLE_CODE = YES;
				CLANG_WARN__DUPLICATE_METHOD_MATCH = YES;
				COPY_PHASE_STRIP = NO;
				DEBUG_INFORMATION_FORMAT = "dwarf-with-dsym";
				ENABLE_NS_ASSERTIONS = NO;
				ENABLE_STRICT_OBJC_MSGSEND = YES;
				ENABLE_USER_SCRIPT_SANDBOXING = YES;
				GCC_C_LANGUAGE_STANDARD = gnu17;
				GCC_NO_COMMON_BLOCKS = YES;
				GCC_WARN_64_TO_32_BIT_CONVERSION = YES;
				GCC_WARN_ABOUT_RETURN_TYPE = YES_ERROR;
				GCC_WARN_UNDECLARED_SELECTOR = YES;
				GCC_WARN_UNINITIALIZED_AUTOS = YES_AGGRESSIVE;
				GCC_WARN_UNUSED_FUNCTION = YES;
				GCC_WARN_UNUSED_VARIABLE = YES;
				IPHONEOS_DEPLOYMENT_TARGET = 17.2;
				LOCALIZATION_PREFERS_STRING_CATALOGS = YES;
				MTL_ENABLE_DEBUG_INFO = NO;
				MTL_FAST_MATH = YES;
				SDKROOT = iphoneos;
				SWIFT_COMPILATION_MODE = wholemodule;
				VALIDATE_PRODUCT = YES;
			};
			name = Release;
		};
		077898DE2B6550FE004BB732 /* Debug */ = {
			isa = XCBuildConfiguration;
			buildSettings = {
				ASSETCATALOG_COMPILER_APPICON_NAME = AppIcon;
				ASSETCATALOG_COMPILER_GLOBAL_ACCENT_COLOR_NAME = AccentColor;
				CODE_SIGN_STYLE = Automatic;
				CURRENT_PROJECT_VERSION = 1;
				DEVELOPMENT_TEAM = J2YJ6QP79J;
				GENERATE_INFOPLIST_FILE = YES;
				INFOPLIST_FILE = "Github Followers/Info.plist";
				INFOPLIST_KEY_UIApplicationSupportsIndirectInputEvents = YES;
				INFOPLIST_KEY_UILaunchStoryboardName = LaunchScreen;
				INFOPLIST_KEY_UISupportedInterfaceOrientations = UIInterfaceOrientationPortrait;
				INFOPLIST_KEY_UISupportedInterfaceOrientations_iPad = "UIInterfaceOrientationLandscapeLeft UIInterfaceOrientationLandscapeRight UIInterfaceOrientationPortrait UIInterfaceOrientationPortraitUpsideDown";
				LD_RUNPATH_SEARCH_PATHS = (
					"$(inherited)",
					"@executable_path/Frameworks",
				);
				MARKETING_VERSION = 1.0;
				PRODUCT_BUNDLE_IDENTIFIER = "com.ezpzbaby.Github-Followers";
				PRODUCT_NAME = "$(TARGET_NAME)";
				SUPPORTED_PLATFORMS = "iphoneos iphonesimulator";
				SUPPORTS_MACCATALYST = NO;
				SUPPORTS_MAC_DESIGNED_FOR_IPHONE_IPAD = NO;
				SUPPORTS_XR_DESIGNED_FOR_IPHONE_IPAD = NO;
				SWIFT_EMIT_LOC_STRINGS = YES;
				SWIFT_VERSION = 5.0;
				TARGETED_DEVICE_FAMILY = 1;
			};
			name = Debug;
		};
		077898DF2B6550FE004BB732 /* Release */ = {
			isa = XCBuildConfiguration;
			buildSettings = {
				ASSETCATALOG_COMPILER_APPICON_NAME = AppIcon;
				ASSETCATALOG_COMPILER_GLOBAL_ACCENT_COLOR_NAME = AccentColor;
				CODE_SIGN_STYLE = Automatic;
				CURRENT_PROJECT_VERSION = 1;
				DEVELOPMENT_TEAM = J2YJ6QP79J;
				GENERATE_INFOPLIST_FILE = YES;
				INFOPLIST_FILE = "Github Followers/Info.plist";
				INFOPLIST_KEY_UIApplicationSupportsIndirectInputEvents = YES;
				INFOPLIST_KEY_UILaunchStoryboardName = LaunchScreen;
				INFOPLIST_KEY_UISupportedInterfaceOrientations = UIInterfaceOrientationPortrait;
				INFOPLIST_KEY_UISupportedInterfaceOrientations_iPad = "UIInterfaceOrientationLandscapeLeft UIInterfaceOrientationLandscapeRight UIInterfaceOrientationPortrait UIInterfaceOrientationPortraitUpsideDown";
				LD_RUNPATH_SEARCH_PATHS = (
					"$(inherited)",
					"@executable_path/Frameworks",
				);
				MARKETING_VERSION = 1.0;
				PRODUCT_BUNDLE_IDENTIFIER = "com.ezpzbaby.Github-Followers";
				PRODUCT_NAME = "$(TARGET_NAME)";
				SUPPORTED_PLATFORMS = "iphoneos iphonesimulator";
				SUPPORTS_MACCATALYST = NO;
				SUPPORTS_MAC_DESIGNED_FOR_IPHONE_IPAD = NO;
				SUPPORTS_XR_DESIGNED_FOR_IPHONE_IPAD = NO;
				SWIFT_EMIT_LOC_STRINGS = YES;
				SWIFT_VERSION = 5.0;
				TARGETED_DEVICE_FAMILY = 1;
			};
			name = Release;
		};
/* End XCBuildConfiguration section */

/* Begin XCConfigurationList section */
		077898C42B6550F5004BB732 /* Build configuration list for PBXProject "Github Followers" */ = {
			isa = XCConfigurationList;
			buildConfigurations = (
				077898DB2B6550FE004BB732 /* Debug */,
				077898DC2B6550FE004BB732 /* Release */,
			);
			defaultConfigurationIsVisible = 0;
			defaultConfigurationName = Release;
		};
		077898DD2B6550FE004BB732 /* Build configuration list for PBXNativeTarget "Github Followers" */ = {
			isa = XCConfigurationList;
			buildConfigurations = (
				077898DE2B6550FE004BB732 /* Debug */,
				077898DF2B6550FE004BB732 /* Release */,
			);
			defaultConfigurationIsVisible = 0;
			defaultConfigurationName = Release;
		};
/* End XCConfigurationList section */
	};
	rootObject = 077898C12B6550F4004BB732 /* Project object */;
}
